<?xml version="1.0" encoding="utf-8"?>
<Project ToolsVersion="4.0" xmlns="http://schemas.microsoft.com/developer/msbuild/2003">
  <ItemGroup>
    <Filter Include="소스 파일">
      <UniqueIdentifier>{4FC737F1-C7A5-4376-A066-2A32D752A2FF}</UniqueIdentifier>
      <Extensions>cpp;c;cc;cxx;c++;cppm;ixx;def;odl;idl;hpj;bat;asm;asmx</Extensions>
    </Filter>
    <Filter Include="헤더 파일">
      <UniqueIdentifier>{93995380-89BD-4b04-88EB-625FBE52EBFB}</UniqueIdentifier>
      <Extensions>h;hh;hpp;hxx;h++;hm;inl;inc;ipp;xsd</Extensions>
    </Filter>
    <Filter Include="리소스 파일">
      <UniqueIdentifier>{67DA6AB6-F800-4c08-8B7A-83BB121AAD01}</UniqueIdentifier>
      <Extensions>rc;ico;cur;bmp;dlg;rc2;rct;bin;rgs;gif;jpg;jpeg;jpe;resx;tiff;tif;png;wav;mfcribbon-ms</Extensions>
    </Filter>
  </ItemGroup>
  <ItemGroup>
    <None Include="packages.config" />
  </ItemGroup>
  <ItemGroup>
    <Filter Include="Model">
      <UniqueIdentifier>{7a6c3f2c-1e63-4d34-9a3c-4f0b6a0b1a01}</UniqueIdentifier>
    </Filter>
    <Filter Include="View">
      <UniqueIdentifier>{7a6c3f2c-1e63-4d34-9a3c-4f0b6a0b1a02}</UniqueIdentifier>
    </Filter>
    <Filter Include="Controller">
      <UniqueIdentifier>{7a6c3f2c-1e63-4d34-9a3c-4f0b6a0b1a03}</UniqueIdentifier>
    </Filter>
    <Filter Include="Tests">
      <UniqueIdentifier>{7a6c3f2c-1e63-4d34-9a3c-4f0b6a0b1a04}</UniqueIdentifier>
    </Filter>
    <Filter Include="Example">
      <UniqueIdentifier>{7a6c3f2c-1e63-4d34-9a3c-4f0b6a0b1a05}</UniqueIdentifier>
    </Filter>
    <Filter Include="Example\Model">
      <UniqueIdentifier>{7a6c3f2c-1e63-4d34-9a3c-4f0b6a0b1a06}</UniqueIdentifier>
    </Filter>
    <Filter Include="Tests\Example">
      <UniqueIdentifier>{7a6c3f2c-1e63-4d34-9a3c-4f0b6a0b1a07}</UniqueIdentifier>
    </Filter>
    <Filter Include="Example\View">
      <UniqueIdentifier>{7a6c3f2c-1e63-4d34-9a3c-4f0b6a0b1a08}</UniqueIdentifier>
    </Filter>
    <Filter Include="Tests\Example\View">
      <UniqueIdentifier>{7a6c3f2c-1e63-4d34-9a3c-4f0b6a0b1a09}</UniqueIdentifier>
    </Filter>
    <Filter Include="Tests\Support">
      <UniqueIdentifier>{7a6c3f2c-1e63-4d34-9a3c-4f0b6a0b1a0a}</UniqueIdentifier>
    </Filter>
  </ItemGroup>
  <ItemGroup>
    <ClCompile Include="main.cpp">
      <Filter>소스 파일</Filter>
    </ClCompile>
    <ClCompile Include="Tests\SanityTest.cpp">
      <Filter>Tests</Filter>
    </ClCompile>
    <ClCompile Include="Tests\InMemoryModelTest.cpp">
      <Filter>Tests</Filter>
    </ClCompile>
    <ClCompile Include="Tests\StatefulModelTest.cpp">
      <Filter>Tests</Filter>
    </ClCompile>
    <ClCompile Include="Tests\QuantityGuardTest.cpp">
      <Filter>Tests</Filter>
    </ClCompile>
    <ClCompile Include="Tests\FifoQueueTest.cpp">
      <Filter>Tests</Filter>
    </ClCompile>
    <ClCompile Include="Tests\HeaderViewTest.cpp">
      <Filter>Tests</Filter>
    </ClCompile>
    <ClCompile Include="Tests\MenuViewTest.cpp">
      <Filter>Tests</Filter>
    </ClCompile>
    <ClCompile Include="Tests\TableViewTest.cpp">
      <Filter>Tests</Filter>
    </ClCompile>
    <ClCompile Include="Tests\BadgeViewTest.cpp">
      <Filter>Tests</Filter>
    </ClCompile>
    <ClCompile Include="Tests\ConfirmViewTest.cpp">
      <Filter>Tests</Filter>
    </ClCompile>
    <ClCompile Include="Tests\ProgressBarViewTest.cpp">
      <Filter>Tests</Filter>
    </ClCompile>
    <ClCompile Include="Tests\MessageViewTest.cpp">
      <Filter>Tests</Filter>
    </ClCompile>
    <ClCompile Include="Tests\InputReaderTest.cpp">
      <Filter>Tests</Filter>
    </ClCompile>
    <ClCompile Include="Tests\MenuNodeTest.cpp">
      <Filter>Tests</Filter>
    </ClCompile>
    <ClCompile Include="Tests\NavigationLoopTest.cpp">
      <Filter>Tests</Filter>
    </ClCompile>
    <ClCompile Include="Tests\Example\SampleTest.cpp">
      <Filter>Tests\Example</Filter>
    </ClCompile>
    <ClCompile Include="Tests\Example\OrderTest.cpp">
      <Filter>Tests\Example</Filter>
    </ClCompile>
    <ClCompile Include="Tests\Example\ProductionQueueEntryTest.cpp">
      <Filter>Tests\Example</Filter>
    </ClCompile>
    <ClCompile Include="Tests\Example\View\SampleListViewTest.cpp">
      <Filter>Tests\Example\View</Filter>
    </ClCompile>
    <ClCompile Include="Tests\Example\View\SampleRegistrationViewTest.cpp">
      <Filter>Tests\Example\View</Filter>
    </ClCompile>
    <ClCompile Include="Tests\Example\View\OrderIntakeViewTest.cpp">
      <Filter>Tests\Example\View</Filter>
    </ClCompile>
    <ClCompile Include="Tests\Example\View\OrderApprovalViewTest.cpp">
      <Filter>Tests\Example\View</Filter>
    </ClCompile>
    <ClCompile Include="Tests\Example\View\MonitoringViewTest.cpp">
      <Filter>Tests\Example\View</Filter>
    </ClCompile>
    <ClCompile Include="Tests\Example\View\ProductionLineViewTest.cpp">
      <Filter>Tests\Example\View</Filter>
    </ClCompile>
    <ClCompile Include="Tests\Example\View\ShipmentViewTest.cpp">
      <Filter>Tests\Example\View</Filter>
    </ClCompile>
  </ItemGroup>
  <ItemGroup>
    <ClInclude Include="Model\IEntity.h">
      <Filter>Model</Filter>
    </ClInclude>
    <ClInclude Include="Model\IModel.h">
      <Filter>Model</Filter>
    </ClInclude>
    <ClInclude Include="Model\IModelObserver.h">
      <Filter>Model</Filter>
    </ClInclude>
    <ClInclude Include="Model\IPersistenceAdapter.h">
      <Filter>Model</Filter>
    </ClInclude>
    <ClInclude Include="Model\InMemoryModel.h">
      <Filter>Model</Filter>
    </ClInclude>
    <ClInclude Include="Model\StatefulModel.h">
      <Filter>Model</Filter>
    </ClInclude>
    <ClInclude Include="Model\QuantityGuard.h">
      <Filter>Model</Filter>
    </ClInclude>
    <ClInclude Include="Model\FifoQueue.h">
      <Filter>Model</Filter>
    </ClInclude>
    <ClInclude Include="View\HeaderView.h">
      <Filter>View</Filter>
    </ClInclude>
    <ClInclude Include="View\MenuView.h">
      <Filter>View</Filter>
    </ClInclude>
    <ClInclude Include="View\TableView.h">
      <Filter>View</Filter>
    </ClInclude>
    <ClInclude Include="View\BadgeView.h">
      <Filter>View</Filter>
    </ClInclude>
    <ClInclude Include="View\ConfirmView.h">
      <Filter>View</Filter>
    </ClInclude>
    <ClInclude Include="View\ProgressBarView.h">
      <Filter>View</Filter>
    </ClInclude>
    <ClInclude Include="View\MessageView.h">
      <Filter>View</Filter>
    </ClInclude>
    <ClInclude Include="Controller\IController.h">
      <Filter>Controller</Filter>
    </ClInclude>
    <ClInclude Include="Controller\MenuNode.h">
      <Filter>Controller</Filter>
    </ClInclude>
    <ClInclude Include="Controller\NavigationLoop.h">
      <Filter>Controller</Filter>
    </ClInclude>
    <ClInclude Include="Controller\InputReader.h">
      <Filter>Controller</Filter>
    </ClInclude>
    <ClInclude Include="Tests\Support\ConsoleRedirect.h">
      <Filter>Tests\Support</Filter>
    </ClInclude>
    <ClInclude Include="Example\Model\Sample.h">
      <Filter>Example\Model</Filter>
    </ClInclude>
    <ClInclude Include="Example\Model\Order.h">
      <Filter>Example\Model</Filter>
    </ClInclude>
    <ClInclude Include="Example\Model\ProductionQueueEntry.h">
      <Filter>Example\Model</Filter>
    </ClInclude>
    <ClInclude Include="Example\View\FormattingUtil.h">
      <Filter>Example\View</Filter>
    </ClInclude>
    <ClInclude Include="Example\View\SampleListView.h">
      <Filter>Example\View</Filter>
    </ClInclude>
    <ClInclude Include="Example\View\SampleRegistrationView.h">
      <Filter>Example\View</Filter>
    </ClInclude>
    <ClInclude Include="Example\View\OrderIntakeView.h">
      <Filter>Example\View</Filter>
    </ClInclude>
    <ClInclude Include="Example\View\OrderApprovalView.h">
      <Filter>Example\View</Filter>
    </ClInclude>
    <ClInclude Include="Example\View\MonitoringView.h">
      <Filter>Example\View</Filter>
    </ClInclude>
    <ClInclude Include="Example\View\ProductionLineView.h">
      <Filter>Example\View</Filter>
    </ClInclude>
    <ClInclude Include="Example\View\ShipmentView.h">
      <Filter>Example\View</Filter>
    </ClInclude>
  </ItemGroup>
</Project>